// !$*UTF8*$!
{
	archiveVersion = 1;
	classes = {
	};
	objectVersion = 77;
	objects = {

/* Begin PBXBuildFile section */
		C394D4A42F6D16B20022257A /* SmartView.xcframework in Frameworks */ = {isa = PBXBuildFile; fileRef = C394D4A32F6D16B20022257A /* SmartView.xcframework */; };
		C394D4A52F6D16B20022257A /* SmartView.xcframework in Embed Frameworks */ = {isa = PBXBuildFile; fileRef = C394D4A32F6D16B20022257A /* SmartView.xcframework */; settings = {ATTRIBUTES = (CodeSignOnCopy, RemoveHeadersOnCopy, ); }; };
		C394D5B32F6D456F0022257A /* BigInt in Frameworks */ = {isa = PBXBuildFile; productRef = C394D5B22F6D456F0022257A /* BigInt */; };
/* End PBXBuildFile section */

/* Begin PBXContainerItemProxy section */
		C394D5D72F6DBCDA0022257A /* PBXContainerItemProxy */ = {
			isa = PBXContainerItemProxy;
			containerPortal = C394D1902F6C2D430022257A /* Project object */;
			proxyType = 1;
			remoteGlobalIDString = C394D1972F6C2D430022257A;
			remoteInfo = "Samsung Remote TV";
		};
/* End PBXContainerItemProxy section */

/* Begin PBXCopyFilesBuildPhase section */
		C394D2972F6D10150022257A /* Embed Frameworks */ = {
			isa = PBXCopyFilesBuildPhase;
			buildActionMask = 2147483647;
			dstPath = "";
			dstSubfolderSpec = 10;
			files = (
				C394D4A52F6D16B20022257A /* SmartView.xcframework in Embed Frameworks */,
			);
			name = "Embed Frameworks";
			runOnlyForDeploymentPostprocessing = 0;
		};
/* End PBXCopyFilesBuildPhase section */

/* Begin PBXFileReference section */
		C394D1982F6C2D430022257A /* Samsung Remote TV.app */ = {isa = PBXFileReference; explicitFileType = wrapper.application; includeInIndex = 0; path = "Samsung Remote TV.app"; sourceTree = BUILT_PRODUCTS_DIR; };
		C394D4A32F6D16B20022257A /* SmartView.xcframework */ = {isa = PBXFileReference; lastKnownFileType = wrapper.xcframework; name = SmartView.xcframework; path = "Samsung Remote TV/Frameworks/SmartView.framework/SmartViewSDK-iOS-Xcode14.1/SmartView.xcframework"; sourceTree = "<group>"; };
		C394D5D32F6DBCDA0022257A /* SamsungTVRemoteTests.xctest */ = {isa = PBXFileReference; explicitFileType = wrapper.cfbundle; includeInIndex = 0; path = SamsungTVRemoteTests.xctest; sourceTree = BUILT_PRODUCTS_DIR; };
/* End PBXFileReference section */

/* Begin PBXFileSystemSynchronizedRootGroup section */
		C394D19A2F6C2D430022257A /* Samsung Remote TV */ = {
			isa = PBXFileSystemSynchronizedRootGroup;
			path = "Samsung Remote TV";
			sourceTree = "<group>";
		};
		C394D5D42F6DBCDA0022257A /* SamsungTVRemoteTests */ = {
			isa = PBXFileSystemSynchronizedRootGroup;
			path = SamsungTVRemoteTests;
			sourceTree = "<group>";
		};
/* End PBXFileSystemSynchronizedRootGroup section */

/* Begin PBXFrameworksBuildPhase section */
		C394D1952F6C2D430022257A /* Frameworks */ = {
			isa = PBXFrameworksBuildPhase;
			buildActionMask = 2147483647;
			files = (
				C394D5B32F6D456F0022257A /* BigInt in Frameworks */,
				C394D4A42F6D16B20022257A /* SmartView.xcframework in Frameworks */,
			);
			runOnlyForDeploymentPostprocessing = 0;
		};
		C394D5D02F6DBCDA0022257A /* Frameworks */ = {
			isa = PBXFrameworksBuildPhase;
			buildActionMask = 2147483647;
			files = (
			);
			runOnlyForDeploymentPostprocessing = 0;
		};
/* End PBXFrameworksBuildPhase section */

/* Begin PBXGroup section */
		C394D18F2F6C2D430022257A = {
			isa = PBXGroup;
			children = (
				C394D19A2F6C2D430022257A /* Samsung Remote TV */,
				C394D5D42F6DBCDA0022257A /* SamsungTVRemoteTests */,
				C394D4A22F6D16B20022257A /* Frameworks */,
				C394D1992F6C2D430022257A /* Products */,
			);
			sourceTree = "<group>";
		};
		C394D1992F6C2D430022257A /* Products */ = {
			isa = PBXGroup;
			children = (
				C394D1982F6C2D430022257A /* Samsung Remote TV.app */,
				C394D5D32F6DBCDA0022257A /* SamsungTVRemoteTests.xctest */,
			);
			name = Products;
			sourceTree = "<group>";
		};
		C394D4A22F6D16B20022257A /* Frameworks */ = {
			isa = PBXGroup;
			children = (
				C394D4A32F6D16B20022257A /* SmartView.xcframework */,
			);
			name = Frameworks;
			sourceTree = "<group>";
		};
/* End PBXGroup section */

/* Begin PBXNativeTarget section */
		C394D1972F6C2D430022257A /* Samsung Remote TV */ = {
			isa = PBXNativeTarget;
			buildConfigurationList = C394D1A32F6C2D450022257A /* Build configuration list for PBXNativeTarget "Samsung Remote TV" */;
			buildPhases = (
				C394D1942F6C2D430022257A /* Sources */,
				C394D1952F6C2D430022257A /* Frameworks */,
				C394D1962F6C2D430022257A /* Resources */,
				C394D2972F6D10150022257A /* Embed Frameworks */,
				C394D2992F6D105B0022257A /* Strip ​Smart​View ​Architectures */,
			);
			buildRules = (
			);
			dependencies = (
			);
			fileSystemSynchronizedGroups = (
				C394D19A2F6C2D430022257A /* Samsung Remote TV */,
			);
			name = "Samsung Remote TV";
			packageProductDependencies = (
				C394D5B22F6D456F0022257A /* BigInt */,
			);
			productName = "Samsung Remote TV";
			productReference = C394D1982F6C2D430022257A /* Samsung Remote TV.app */;
			productType = "com.apple.product-type.application";
		};
		C394D5D22F6DBCDA0022257A /* SamsungTVRemoteTests */ = {
			isa = PBXNativeTarget;
			buildConfigurationList = C394D5D92F6DBCDA0022257A /* Build configuration list for PBXNativeTarget "SamsungTVRemoteTests" */;
			buildPhases = (
				C394D5CF2F6DBCDA0022257A /* Sources */,
				C394D5D02F6DBCDA0022257A /* Frameworks */,
				C394D5D12F6DBCDA0022257A /* Resources */,
			);
			buildRules = (
			);
			dependencies = (
				C394D5D82F6DBCDA0022257A /* PBXTargetDependency */,
			);
			fileSystemSynchronizedGroups = (
				C394D5D42F6DBCDA0022257A /* SamsungTVRemoteTests */,
			);
			name = SamsungTVRemoteTests;
			packageProductDependencies = (
			);
			productName = SamsungTVRemoteTests;
			productReference = C394D5D32F6DBCDA0022257A /* SamsungTVRemoteTests.xctest */;
			productType = "com.apple.product-type.bundle.unit-test";
		};
/* End PBXNativeTarget section */

/* Begin PBXProject section */
		C394D1902F6C2D430022257A /* Project object */ = {
			isa = PBXProject;
			attributes = {
				BuildIndependentTargetsInParallel = 1;
				LastSwiftUpdateCheck = 2630;
				LastUpgradeCheck = 2630;
				TargetAttributes = {
					C394D1972F6C2D430022257A = {
						CreatedOnToolsVersion = 26.3;
					};
					C394D5D22F6DBCDA0022257A = {
						CreatedOnToolsVersion = 26.3;
						TestTargetID = C394D1972F6C2D430022257A;
					};
				};
			};
			buildConfigurationList = C394D1932F6C2D430022257A /* Build configuration list for PBXProject "Samsung Remote TV" */;
			developmentRegion = en;
			hasScannedForEncodings = 0;
			knownRegions = (
				en,
				Base,
			);
			mainGroup = C394D18F2F6C2D430022257A;
			minimizedProjectReferenceProxies = 1;
			packageReferences = (
				C394D5B12F6D456F0022257A /* XCRemoteSwiftPackageReference "BigInt" */,
			);
			preferredProjectObjectVersion = 77;
			productRefGroup = C394D1992F6C2D430022257A /* Products */;
			projectDirPath = "";
			projectRoot = "";
			targets = (
				C394D1972F6C2D430022257A /* Samsung Remote TV */,
				C394D5D22F6DBCDA0022257A /* SamsungTVRemoteTests */,
			);
		};
/* End PBXProject section */

/* Begin PBXResourcesBuildPhase section */
		C394D1962F6C2D430022257A /* Resources */ = {
			isa = PBXResourcesBuildPhase;
			buildActionMask = 2147483647;
			files = (
			);
			runOnlyForDeploymentPostprocessing = 0;
		};
		C394D5D12F6DBCDA0022257A /* Resources */ = {
			isa = PBXResourcesBuildPhase;
			buildActionMask = 2147483647;
			files = (
			);
			runOnlyForDeploymentPostprocessing = 0;
		};
/* End PBXResourcesBuildPhase section */

/* Begin PBXShellScriptBuildPhase section */
		C394D2992F6D105B0022257A /* Strip ​Smart​View ​Architectures */ = {
			isa = PBXShellScriptBuildPhase;
			buildActionMask = 2147483647;
			files = (
			);
			inputFileListPaths = (
			);
			inputPaths = (
			);
			name = "Strip ​Smart​View ​Architectures";
			outputFileListPaths = (
			);
			outputPaths = (
				"$(DERIVED_FILE_DIR)/strip_smartview_archs.stamp",
			);
			runOnlyForDeploymentPostprocessing = 0;
			shellPath = /bin/sh;
				shellScript = "\"${PROJECT_DIR}/scripts/strip_smartview_archs.sh\"\ntouch \"${DERIVED_FILE_DIR}/strip_smartview_archs.stamp\"\n";
		};
/* End PBXShellScriptBuildPhase section */

/* Begin PBXSourcesBuildPhase section */
		C394D1942F6C2D430022257A /* Sources */ = {
			isa = PBXSourcesBuildPhase;
			buildActionMask = 2147483647;
			files = (
			);
			runOnlyForDeploymentPostprocessing = 0;
		};
		C394D5CF2F6DBCDA0022257A /* Sources */ = {
			isa = PBXSourcesBuildPhase;
			buildActionMask = 2147483647;
			files = (
			);
			runOnlyForDeploymentPostprocessing = 0;
		};
/* End PBXSourcesBuildPhase section */

/* Begin PBXTargetDependency section */
		C394D5D82F6DBCDA0022257A /* PBXTargetDependency */ = {
			isa = PBXTargetDependency;
			target = C394D1972F6C2D430022257A /* Samsung Remote TV */;
			targetProxy = C394D5D72F6DBCDA0022257A /* PBXContainerItemProxy */;
		};
/* End PBXTargetDependency section */

/* Begin XCBuildConfiguration section */
		C394D1A12F6C2D450022257A /* Debug */ = {
			isa = XCBuildConfiguration;
			buildSettings = {
				ALWAYS_SEARCH_USER_PATHS = NO;
				ASSETCATALOG_COMPILER_GENERATE_SWIFT_ASSET_SYMBOL_EXTENSIONS = YES;
				CLANG_ANALYZER_NONNULL = YES;
				CLANG_ANALYZER_NUMBER_OBJECT_CONVERSION = YES_AGGRESSIVE;
				CLANG_CXX_LANGUAGE_STANDARD = "gnu++20";
				CLANG_ENABLE_MODULES = YES;
				CLANG_ENABLE_OBJC_ARC = YES;
				CLANG_ENABLE_OBJC_WEAK = YES;
				CLANG_WARN_BLOCK_CAPTURE_AUTORELEASING = YES;
				CLANG_WARN_BOOL_CONVERSION = YES;
				CLANG_WARN_COMMA = YES;
				CLANG_WARN_CONSTANT_CONVERSION = YES;
				CLANG_WARN_DEPRECATED_OBJC_IMPLEMENTATIONS = YES;
				CLANG_WARN_DIRECT_OBJC_ISA_USAGE = YES_ERROR;
				CLANG_WARN_DOCUMENTATION_COMMENTS = YES;
				CLANG_WARN_EMPTY_BODY = YES;
				CLANG_WARN_ENUM_CONVERSION = YES;
				CLANG_WARN_INFINITE_RECURSION = YES;
				CLANG_WARN_INT_CONVERSION = YES;
				CLANG_WARN_NON_LITERAL_NULL_CONVERSION = YES;
				CLANG_WARN_OBJC_IMPLICIT_RETAIN_SELF = YES;
				CLANG_WARN_OBJC_LITERAL_CONVERSION = YES;
				CLANG_WARN_OBJC_ROOT_CLASS = YES_ERROR;
				CLANG_WARN_QUOTED_INCLUDE_IN_FRAMEWORK_HEADER = YES;
				CLANG_WARN_RANGE_LOOP_ANALYSIS = YES;
				CLANG_WARN_STRICT_PROTOTYPES = YES;
				CLANG_WARN_SUSPICIOUS_MOVE = YES;
				CLANG_WARN_UNGUARDED_AVAILABILITY = YES_AGGRESSIVE;
				CLANG_WARN_UNREACHABLE_CODE = YES;
				CLANG_WARN__DUPLICATE_METHOD_MATCH = YES;
				COPY_PHASE_STRIP = NO;
				DEBUG_INFORMATION_FORMAT = dwarf;
				ENABLE_STRICT_OBJC_MSGSEND = YES;
				ENABLE_TESTABILITY = YES;
				ENABLE_USER_SCRIPT_SANDBOXING = NO;
				GCC_C_LANGUAGE_STANDARD = gnu17;
				GCC_DYNAMIC_NO_PIC = NO;
				GCC_NO_COMMON_BLOCKS = YES;
				GCC_OPTIMIZATION_LEVEL = 0;
				GCC_PREPROCESSOR_DEFINITIONS = (
					"DEBUG=1",
					"$(inherited)",
				);
				GCC_WARN_64_TO_32_BIT_CONVERSION = YES;
				GCC_WARN_ABOUT_RETURN_TYPE = YES_ERROR;
				GCC_WARN_UNDECLARED_SELECTOR = YES;
				GCC_WARN_UNINITIALIZED_AUTOS = YES_AGGRESSIVE;
				GCC_WARN_UNUSED_FUNCTION = YES;
				GCC_WARN_UNUSED_VARIABLE = YES;
				IPHONEOS_DEPLOYMENT_TARGET = 26.2;
				LOCALIZATION_PREFERS_STRING_CATALOGS = YES;
				MTL_ENABLE_DEBUG_INFO = INCLUDE_SOURCE;
				MTL_FAST_MATH = YES;
				ONLY_ACTIVE_ARCH = YES;
				SDKROOT = iphoneos;
				SWIFT_ACTIVE_COMPILATION_CONDITIONS = "DEBUG $(inherited)";
				SWIFT_OPTIMIZATION_LEVEL = "-Onone";
			};
			name = Debug;
		};
		C394D1A22F6C2D450022257A /* Release */ = {
			isa = XCBuildConfiguration;
			buildSettings = {
				ALWAYS_SEARCH_USER_PATHS = NO;
				ASSETCATALOG_COMPILER_GENERATE_SWIFT_ASSET_SYMBOL_EXTENSIONS = YES;
				CLANG_ANALYZER_NONNULL = YES;
				CLANG_ANALYZER_NUMBER_OBJECT_CONVERSION = YES_AGGRESSIVE;
				CLANG_CXX_LANGUAGE_STANDARD = "gnu++20";
				CLANG_ENABLE_MODULES = YES;
				CLANG_ENABLE_OBJC_ARC = YES;
				CLANG_ENABLE_OBJC_WEAK = YES;
				CLANG_WARN_BLOCK_CAPTURE_AUTORELEASING = YES;
				CLANG_WARN_BOOL_CONVERSION = YES;
				CLANG_WARN_COMMA = YES;
				CLANG_WARN_CONSTANT_CONVERSION = YES;
				CLANG_WARN_DEPRECATED_OBJC_IMPLEMENTATIONS = YES;
				CLANG_WARN_DIRECT_OBJC_ISA_USAGE = YES_ERROR;
				CLANG_WARN_DOCUMENTATION_COMMENTS = YES;
				CLANG_WARN_EMPTY_BODY = YES;
				CLANG_WARN_ENUM_CONVERSION = YES;
				CLANG_WARN_INFINITE_RECURSION = YES;
				CLANG_WARN_INT_CONVERSION = YES;
				CLANG_WARN_NON_LITERAL_NULL_CONVERSION = YES;
				CLANG_WARN_OBJC_IMPLICIT_RETAIN_SELF = YES;
				CLANG_WARN_OBJC_LITERAL_CONVERSION = YES;
				CLANG_WARN_OBJC_ROOT_CLASS = YES_ERROR;
				CLANG_WARN_QUOTED_INCLUDE_IN_FRAMEWORK_HEADER = YES;
				CLANG_WARN_RANGE_LOOP_ANALYSIS = YES;
				CLANG_WARN_STRICT_PROTOTYPES = YES;
				CLANG_WARN_SUSPICIOUS_MOVE = YES;
				CLANG_WARN_UNGUARDED_AVAILABILITY = YES_AGGRESSIVE;
				CLANG_WARN_UNREACHABLE_CODE = YES;
				CLANG_WARN__DUPLICATE_METHOD_MATCH = YES;
				COPY_PHASE_STRIP = NO;
				DEBUG_INFORMATION_FORMAT = "dwarf-with-dsym";
				ENABLE_NS_ASSERTIONS = NO;
				ENABLE_STRICT_OBJC_MSGSEND = YES;
				ENABLE_USER_SCRIPT_SANDBOXING = NO;
				GCC_C_LANGUAGE_STANDARD = gnu17;
				GCC_NO_COMMON_BLOCKS = YES;
				GCC_WARN_64_TO_32_BIT_CONVERSION = YES;
				GCC_WARN_ABOUT_RETURN_TYPE = YES_ERROR;
				GCC_WARN_UNDECLARED_SELECTOR = YES;
				GCC_WARN_UNINITIALIZED_AUTOS = YES_AGGRESSIVE;
				GCC_WARN_UNUSED_FUNCTION = YES;
				GCC_WARN_UNUSED_VARIABLE = YES;
				IPHONEOS_DEPLOYMENT_TARGET = 26.2;
				LOCALIZATION_PREFERS_STRING_CATALOGS = YES;
				MTL_ENABLE_DEBUG_INFO = NO;
				MTL_FAST_MATH = YES;
				SDKROOT = iphoneos;
				SWIFT_COMPILATION_MODE = wholemodule;
				VALIDATE_PRODUCT = YES;
			};
			name = Release;
		};
		C394D1A42F6C2D450022257A /* Debug */ = {
			isa = XCBuildConfiguration;
			buildSettings = {
				ASSETCATALOG_COMPILER_APPICON_NAME = AppIcon;
				ASSETCATALOG_COMPILER_GLOBAL_ACCENT_COLOR_NAME = AccentColor;
				CODE_SIGN_STYLE = Automatic;
				CURRENT_PROJECT_VERSION = 1;
				DEVELOPMENT_TEAM = W44SQXDP84;
				ENABLE_PREVIEWS = YES;
				FRAMEWORK_SEARCH_PATHS = (
					"$(inherited)",
					"$(PROJECT_DIR)/Samsung\\ Remote\\ TV/Frameworks",
					"$(PROJECT_DIR)/Samsung\\ Remote\\ TV/Frameworks",
				);
				GENERATE_INFOPLIST_FILE = YES;
				INFOPLIST_KEY_NSAppTransportSecurity_NSAllowsLocalNetworking = YES;
				INFOPLIST_KEY_NSBonjourServices = "_samsungctl._tcp _samsung-multiscreen._tcp";
				INFOPLIST_KEY_NSLocalNetworkUsageDescription = "SamsungTVRemote needs local network access to discover and control your Samsung Smart TV.";
				INFOPLIST_KEY_UIApplicationSceneManifest_Generation = YES;
				INFOPLIST_KEY_UIApplicationSupportsIndirectInputEvents = YES;
				INFOPLIST_KEY_UILaunchScreen_Generation = YES;
				INFOPLIST_KEY_UISupportedInterfaceOrientations_iPad = "UIInterfaceOrientationPortrait UIInterfaceOrientationPortraitUpsideDown UIInterfaceOrientationLandscapeLeft UIInterfaceOrientationLandscapeRight";
				INFOPLIST_KEY_UISupportedInterfaceOrientations_iPhone = "UIInterfaceOrientationPortrait UIInterfaceOrientationLandscapeLeft UIInterfaceOrientationLandscapeRight";
				LD_RUNPATH_SEARCH_PATHS = (
					"$(inherited)",
					"@executable_path/Frameworks",
				);
				MARKETING_VERSION = 1.0;
				PRODUCT_BUNDLE_IDENTIFIER = "riefkyhd.Samsung-Remote-TV";
				PRODUCT_NAME = "$(TARGET_NAME)";
				STRING_CATALOG_GENERATE_SYMBOLS = YES;
				SWIFT_APPROACHABLE_CONCURRENCY = YES;
				SWIFT_DEFAULT_ACTOR_ISOLATION = MainActor;
				SWIFT_EMIT_LOC_STRINGS = YES;
				SWIFT_UPCOMING_FEATURE_MEMBER_IMPORT_VISIBILITY = YES;
				SWIFT_VERSION = 5.0;
				TARGETED_DEVICE_FAMILY = "1,2";
			};
			name = Debug;
		};
		C394D1A52F6C2D450022257A /* Release */ = {
			isa = XCBuildConfiguration;
			buildSettings = {
				ASSETCATALOG_COMPILER_APPICON_NAME = AppIcon;
				ASSETCATALOG_COMPILER_GLOBAL_ACCENT_COLOR_NAME = AccentColor;
				CODE_SIGN_STYLE = Automatic;
				CURRENT_PROJECT_VERSION = 1;
				DEVELOPMENT_TEAM = W44SQXDP84;
				ENABLE_PREVIEWS = YES;
				FRAMEWORK_SEARCH_PATHS = (
					"$(inherited)",
					"$(PROJECT_DIR)/Samsung\\ Remote\\ TV/Frameworks",
					"$(PROJECT_DIR)/Samsung\\ Remote\\ TV/Frameworks",
				);
				GENERATE_INFOPLIST_FILE = YES;
				INFOPLIST_KEY_NSAppTransportSecurity_NSAllowsLocalNetworking = YES;
				INFOPLIST_KEY_NSBonjourServices = "_samsungctl._tcp _samsung-multiscreen._tcp";
				INFOPLIST_KEY_NSLocalNetworkUsageDescription = "SamsungTVRemote needs local network access to discover and control your Samsung Smart TV.";
				INFOPLIST_KEY_UIApplicationSceneManifest_Generation = YES;
				INFOPLIST_KEY_UIApplicationSupportsIndirectInputEvents = YES;
				INFOPLIST_KEY_UILaunchScreen_Generation = YES;
				INFOPLIST_KEY_UISupportedInterfaceOrientations_iPad = "UIInterfaceOrientationPortrait UIInterfaceOrientationPortraitUpsideDown UIInterfaceOrientationLandscapeLeft UIInterfaceOrientationLandscapeRight";
				INFOPLIST_KEY_UISupportedInterfaceOrientations_iPhone = "UIInterfaceOrientationPortrait UIInterfaceOrientationLandscapeLeft UIInterfaceOrientationLandscapeRight";
				LD_RUNPATH_SEARCH_PATHS = (
					"$(inherited)",
					"@executable_path/Frameworks",
				);
				MARKETING_VERSION = 1.0;
				PRODUCT_BUNDLE_IDENTIFIER = "riefkyhd.Samsung-Remote-TV";
				PRODUCT_NAME = "$(TARGET_NAME)";
				STRING_CATALOG_GENERATE_SYMBOLS = YES;
				SWIFT_APPROACHABLE_CONCURRENCY = YES;
				SWIFT_DEFAULT_ACTOR_ISOLATION = MainActor;
				SWIFT_EMIT_LOC_STRINGS = YES;
				SWIFT_UPCOMING_FEATURE_MEMBER_IMPORT_VISIBILITY = YES;
				SWIFT_VERSION = 5.0;
				TARGETED_DEVICE_FAMILY = "1,2";
			};
			name = Release;
		};
		C394D5DA2F6DBCDA0022257A /* Debug */ = {
			isa = XCBuildConfiguration;
			buildSettings = {
				BUNDLE_LOADER = "$(TEST_HOST)";
				CODE_SIGN_STYLE = Automatic;
				CURRENT_PROJECT_VERSION = 1;
				DEVELOPMENT_TEAM = W44SQXDP84;
				ENABLE_USER_SCRIPT_SANDBOXING = YES;
				GENERATE_INFOPLIST_FILE = YES;
				MARKETING_VERSION = 1.0;
				PRODUCT_BUNDLE_IDENTIFIER = riefkyhd.SamsungTVRemoteTests;
				PRODUCT_NAME = "$(TARGET_NAME)";
				STRING_CATALOG_GENERATE_SYMBOLS = NO;
				SWIFT_APPROACHABLE_CONCURRENCY = YES;
				SWIFT_EMIT_LOC_STRINGS = NO;
				SWIFT_UPCOMING_FEATURE_MEMBER_IMPORT_VISIBILITY = YES;
				SWIFT_VERSION = 5.0;
				TARGETED_DEVICE_FAMILY = "1,2";
				TEST_HOST = "$(BUILT_PRODUCTS_DIR)/Samsung Remote TV.app/$(BUNDLE_EXECUTABLE_FOLDER_PATH)/Samsung Remote TV";
			};
			name = Debug;
		};
		C394D5DB2F6DBCDA0022257A /* Release */ = {
			isa = XCBuildConfiguration;
			buildSettings = {
				BUNDLE_LOADER = "$(TEST_HOST)";
				CODE_SIGN_STYLE = Automatic;
				CURRENT_PROJECT_VERSION = 1;
				DEVELOPMENT_TEAM = W44SQXDP84;
				ENABLE_USER_SCRIPT_SANDBOXING = YES;
				GENERATE_INFOPLIST_FILE = YES;
				MARKETING_VERSION = 1.0;
				PRODUCT_BUNDLE_IDENTIFIER = riefkyhd.SamsungTVRemoteTests;
				PRODUCT_NAME = "$(TARGET_NAME)";
				STRING_CATALOG_GENERATE_SYMBOLS = NO;
				SWIFT_APPROACHABLE_CONCURRENCY = YES;
				SWIFT_EMIT_LOC_STRINGS = NO;
				SWIFT_UPCOMING_FEATURE_MEMBER_IMPORT_VISIBILITY = YES;
				SWIFT_VERSION = 5.0;
				TARGETED_DEVICE_FAMILY = "1,2";
				TEST_HOST = "$(BUILT_PRODUCTS_DIR)/Samsung Remote TV.app/$(BUNDLE_EXECUTABLE_FOLDER_PATH)/Samsung Remote TV";
			};
			name = Release;
		};
/* End XCBuildConfiguration section */

/* Begin XCConfigurationList section */
		C394D1932F6C2D430022257A /* Build configuration list for PBXProject "Samsung Remote TV" */ = {
			isa = XCConfigurationList;
			buildConfigurations = (
				C394D1A12F6C2D450022257A /* Debug */,
				C394D1A22F6C2D450022257A /* Release */,
			);
			defaultConfigurationIsVisible = 0;
			defaultConfigurationName = Release;
		};
		C394D1A32F6C2D450022257A /* Build configuration list for PBXNativeTarget "Samsung Remote TV" */ = {
			isa = XCConfigurationList;
			buildConfigurations = (
				C394D1A42F6C2D450022257A /* Debug */,
				C394D1A52F6C2D450022257A /* Release */,
			);
			defaultConfigurationIsVisible = 0;
			defaultConfigurationName = Release;
		};
		C394D5D92F6DBCDA0022257A /* Build configuration list for PBXNativeTarget "SamsungTVRemoteTests" */ = {
			isa = XCConfigurationList;
			buildConfigurations = (
				C394D5DA2F6DBCDA0022257A /* Debug */,
				C394D5DB2F6DBCDA0022257A /* Release */,
			);
			defaultConfigurationIsVisible = 0;
			defaultConfigurationName = Release;
		};
/* End XCConfigurationList section */

/* Begin XCRemoteSwiftPackageReference section */
		C394D5B12F6D456F0022257A /* XCRemoteSwiftPackageReference "BigInt" */ = {
			isa = XCRemoteSwiftPackageReference;
			repositoryURL = "https://github.com/attaswift/BigInt";
			requirement = {
				kind = upToNextMajorVersion;
				minimumVersion = 5.1.0;
			};
		};
/* End XCRemoteSwiftPackageReference section */

/* Begin XCSwiftPackageProductDependency section */
		C394D5B22F6D456F0022257A /* BigInt */ = {
			isa = XCSwiftPackageProductDependency;
			package = C394D5B12F6D456F0022257A /* XCRemoteSwiftPackageReference "BigInt" */;
			productName = BigInt;
		};
/* End XCSwiftPackageProductDependency section */
	};
	rootObject = C394D1902F6C2D430022257A /* Project object */;
}
